{
  "name": "@plugins/cn.magic-idea.embedded-agent",
  "version": "0.0.1",
  "lockfileVersion": 3,
  "requires": true,
  "packages": {
    "": {
      "name": "@plugins/cn.magic-idea.embedded-agent",
      "version": "0.0.1",
      "devDependencies": {
        "magic-idea": "file:../../types"
      }
    },
    "../../../types/package.json": {
      "extraneous": true
    },
    "../../types": {
      "name": "magic-idea",
      "version": "1.0.0",
      "dev": true,
      "license": "ISC",
      "dependencies": {
        "@lumino/algorithm": "^2.0.4",
        "@lumino/collections": "^2.0.4",
        "@lumino/commands": "^2.3.3",
        "@lumino/coreutils": "^2.2.2",
        "@lumino/default-theme": "^2.1.10",
        "@lumino/disposable": "^2.1.5",
        "@lumino/domutils": "^2.0.4",
        "@lumino/dragdrop": "^2.1.7",
        "@lumino/keyboard": "^2.0.4",
        "@lumino/messaging": "^2.0.4",
        "@lumino/signaling": "^2.1.5",
        "@lumino/virtualdom": "^2.0.4",
        "@lumino/widgets": "^2.7.2",
        "inversify": "^6.2.2",
        "monaco-editor": "^0.54.0"
      }
    },
    "../../types/package.json": {
      "extraneous": true
    },
    "node_modules/magic-idea": {
      "resolved": "../../types",
      "link": true
    }
  }
}
